
Microsoft Visual Studio Solution File, Format Version 12.00
# Visual Studio Version 17
VisualStudioVersion = 17.14.36301.6 d17.14
MinimumVisualStudioVersion = 10.0.40219.1
Project("{F184B08F-C81C-45F6-A57F-5ABD9991F28F}") = "ROOMCHARGECALCULATOR", "ROOMCHARGECALCULATOR.vbproj", "{42A9C1DD-911E-4571-8C6A-3B2DD8C5E267}"
EndProject
Global
	GlobalSection(SolutionConfigurationPlatforms) = preSolution
		Debug|Any CPU = Debug|Any CPU
		Release|Any CPU = Release|Any CPU
	EndGlobalSection
	GlobalSection(ProjectConfigurationPlatforms) = postSolution
		{42A9C1DD-911E-4571-8C6A-3B2DD8C5E267}.Debug|Any CPU.ActiveCfg = Debug|Any CPU
		{42A9C1DD-911E-4571-8C6A-3B2DD8C5E267}.Debug|Any CPU.Build.0 = Debug|Any CPU
		{42A9C1DD-911E-4571-8C6A-3B2DD8C5E267}.Release|Any CPU.ActiveCfg = Release|Any CPU
		{42A9C1DD-911E-4571-8C6A-3B2DD8C5E267}.Release|Any CPU.Build.0 = Release|Any CPU
	EndGlobalSection
	GlobalSection(SolutionProperties) = preSolution
		HideSolutionNode = FALSE
	EndGlobalSection
	GlobalSection(ExtensibilityGlobals) = postSolution
		SolutionGuid = {B2C556C4-5671-4053-96AE-E3F38F7CE0D5}
	EndGlobalSection
EndGlobal
